
Microsoft Visual Studio Solution File, Format Version 12.00
# Visual Studio Version 16
VisualStudioVersion = 16.0.31313.79
MinimumVisualStudioVersion = 10.0.40219.1
Project("{FAE04EC0-301F-11D3-BF4B-00C04F79EFBC}") = "GhostYak", "ghostyak\GhostYak.csproj", "{A8C681E6-316A-45FB-8D32-1EF47B693C17}"
EndProject
Project("{FAE04EC0-301F-11D3-BF4B-00C04F79EFBC}") = "GhostyakTest", "BinaryRegexTest\GhostyakTest.csproj", "{BBC69A46-2C9D-4DE1-9105-0B1D11E2043F}"
EndProject
Global
	GlobalSection(SolutionConfigurationPlatforms) = preSolution
		Debug|Any CPU = Debug|Any CPU
		Release|Any CPU = Release|Any CPU
	EndGlobalSection
	GlobalSection(ProjectConfigurationPlatforms) = postSolution
		{A8C681E6-316A-45FB-8D32-1EF47B693C17}.Debug|Any CPU.ActiveCfg = Debug|Any CPU
		{A8C681E6-316A-45FB-8D32-1EF47B693C17}.Debug|Any CPU.Build.0 = Debug|Any CPU
		{A8C681E6-316A-45FB-8D32-1EF47B693C17}.Release|Any CPU.ActiveCfg = Release|Any CPU
		{A8C681E6-316A-45FB-8D32-1EF47B693C17}.Release|Any CPU.Build.0 = Release|Any CPU
		{BBC69A46-2C9D-4DE1-9105-0B1D11E2043F}.Debug|Any CPU.ActiveCfg = Debug|Any CPU
		{BBC69A46-2C9D-4DE1-9105-0B1D11E2043F}.Debug|Any CPU.Build.0 = Debug|Any CPU
		{BBC69A46-2C9D-4DE1-9105-0B1D11E2043F}.Release|Any CPU.ActiveCfg = Release|Any CPU
		{BBC69A46-2C9D-4DE1-9105-0B1D11E2043F}.Release|Any CPU.Build.0 = Release|Any CPU
	EndGlobalSection
	GlobalSection(SolutionProperties) = preSolution
		HideSolutionNode = FALSE
	EndGlobalSection
	GlobalSection(ExtensibilityGlobals) = postSolution
		SolutionGuid = {A94B6ABE-BA91-4A2E-93F3-991E76238D17}
	EndGlobalSection
EndGlobal
